
Microsoft Visual Studio Solution File, Format Version 12.00
# Visual Studio Version 17
VisualStudioVersion = 17.7.34024.191
MinimumVisualStudioVersion = 10.0.40219.1
Project("{FAE04EC0-301F-11D3-BF4B-00C04F79EFBC}") = "MP2", "MP2\MP2.csproj", "{C2B97388-6AEC-4B6F-8EF2-698D140A7416}"
EndProject
Global
	GlobalSection(SolutionConfigurationPlatforms) = preSolution
		Debug|Any CPU = Debug|Any CPU
		Release|Any CPU = Release|Any CPU
	EndGlobalSection
	GlobalSection(ProjectConfigurationPlatforms) = postSolution
		{C2B97388-6AEC-4B6F-8EF2-698D140A7416}.Debug|Any CPU.ActiveCfg = Debug|Any CPU
		{C2B97388-6AEC-4B6F-8EF2-698D140A7416}.Debug|Any CPU.Build.0 = Debug|Any CPU
		{C2B97388-6AEC-4B6F-8EF2-698D140A7416}.Release|Any CPU.ActiveCfg = Release|Any CPU
		{C2B97388-6AEC-4B6F-8EF2-698D140A7416}.Release|Any CPU.Build.0 = Release|Any CPU
	EndGlobalSection
	GlobalSection(SolutionProperties) = preSolution
		HideSolutionNode = FALSE
	EndGlobalSection
	GlobalSection(ExtensibilityGlobals) = postSolution
		SolutionGuid = {B32F5641-3000-4C87-83A5-7BF785F8A5CB}
	EndGlobalSection
EndGlobal
